// !$*UTF8*$!
{
	archiveVersion = 1;
	classes = {
	};
	objectVersion = 48;
	objects = {

/* Begin PBXBuildFile section */
		797F91D8205ADC3C00A27CA6 /* AppDelegate.swift in Sources */ = {isa = PBXBuildFile; fileRef = 797F91D7205ADC3C00A27CA6 /* AppDelegate.swift */; };
		797F91DA205ADC3C00A27CA6 /* ViewController.swift in Sources */ = {isa = PBXBuildFile; fileRef = 797F91D9205ADC3C00A27CA6 /* ViewController.swift */; };
		797F91DD205ADC3C00A27CA6 /* Main.storyboard in Resources */ = {isa = PBXBuildFile; fileRef = 797F91DB205ADC3C00A27CA6 /* Main.storyboard */; };
		797F91DF205ADC3C00A27CA6 /* Assets.xcassets in Resources */ = {isa = PBXBuildFile; fileRef = 797F91DE205ADC3C00A27CA6 /* Assets.xcassets */; };
		797F91E2205ADC3C00A27CA6 /* LaunchScreen.storyboard in Resources */ = {isa = PBXBuildFile; fileRef = 797F91E0205ADC3C00A27CA6 /* LaunchScreen.storyboard */; };
		797F91EB205AE41200A27CA6 /* BorderButton.swift in Sources */ = {isa = PBXBuildFile; fileRef = 797F91EA205AE41200A27CA6 /* BorderButton.swift */; };
		797F91EE205AE91F00A27CA6 /* Extensions.swift in Sources */ = {isa = PBXBuildFile; fileRef = 797F91ED205AE91F00A27CA6 /* Extensions.swift */; };
/* End PBXBuildFile section */

/* Begin PBXFileReference section */
		797F91D4205ADC3C00A27CA6 /* app-swoosh.app */ = {isa = PBXFileReference; explicitFileType = wrapper.application; includeInIndex = 0; path = "app-swoosh.app"; sourceTree = BUILT_PRODUCTS_DIR; };
		797F91D7205ADC3C00A27CA6 /* AppDelegate.swift */ = {isa = PBXFileReference; lastKnownFileType = sourcecode.swift; path = AppDelegate.swift; sourceTree = "<group>"; };
		797F91D9205ADC3C00A27CA6 /* ViewController.swift */ = {isa = PBXFileReference; lastKnownFileType = sourcecode.swift; path = ViewController.swift; sourceTree = "<group>"; };
		797F91DC205ADC3C00A27CA6 /* Base */ = {isa = PBXFileReference; lastKnownFileType = file.storyboard; name = Base; path = Base.lproj/Main.storyboard; sourceTree = "<group>"; };
		797F91DE205ADC3C00A27CA6 /* Assets.xcassets */ = {isa = PBXFileReference; lastKnownFileType = folder.assetcatalog; path = Assets.xcassets; sourceTree = "<group>"; };
		797F91E1205ADC3C00A27CA6 /* Base */ = {isa = PBXFileReference; lastKnownFileType = file.storyboard; name = Base; path = Base.lproj/LaunchScreen.storyboard; sourceTree = "<group>"; };
		797F91E3205ADC3C00A27CA6 /* Info.plist */ = {isa = PBXFileReference; lastKnownFileType = text.plist.xml; path = Info.plist; sourceTree = "<group>"; };
		797F91EA205AE41200A27CA6 /* BorderButton.swift */ = {isa = PBXFileReference; lastKnownFileType = sourcecode.swift; path = BorderButton.swift; sourceTree = "<group>"; };
		797F91ED205AE91F00A27CA6 /* Extensions.swift */ = {isa = PBXFileReference; fileEncoding = 4; lastKnownFileType = sourcecode.swift; path = Extensions.swift; sourceTree = "<group>"; };
/* End PBXFileReference section */

/* Begin PBXFrameworksBuildPhase section */
		797F91D1205ADC3C00A27CA6 /* Frameworks */ = {
			isa = PBXFrameworksBuildPhase;
			buildActionMask = 2147483647;
			files = (
			);
			runOnlyForDeploymentPostprocessing = 0;
		};
/* End PBXFrameworksBuildPhase section */

/* Begin PBXGroup section */
		797F91CB205ADC3B00A27CA6 = {
			isa = PBXGroup;
			children = (
				797F91D6205ADC3C00A27CA6 /* app-swoosh */,
				797F91D5205ADC3C00A27CA6 /* Products */,
			);
			sourceTree = "<group>";
		};
		797F91D5205ADC3C00A27CA6 /* Products */ = {
			isa = PBXGroup;
			children = (
				797F91D4205ADC3C00A27CA6 /* app-swoosh.app */,
			);
			name = Products;
			sourceTree = "<group>";
		};
		797F91D6205ADC3C00A27CA6 /* app-swoosh */ = {
			isa = PBXGroup;
			children = (
				797F91EC205AE8FE00A27CA6 /* Utils */,
				797F91E9205AE3B700A27CA6 /* Views */,
				797F91D7205ADC3C00A27CA6 /* AppDelegate.swift */,
				797F91D9205ADC3C00A27CA6 /* ViewController.swift */,
				797F91DB205ADC3C00A27CA6 /* Main.storyboard */,
				797F91DE205ADC3C00A27CA6 /* Assets.xcassets */,
				797F91E0205ADC3C00A27CA6 /* LaunchScreen.storyboard */,
				797F91E3205ADC3C00A27CA6 /* Info.plist */,
			);
			path = "app-swoosh";
			sourceTree = "<group>";
		};
		797F91E9205AE3B700A27CA6 /* Views */ = {
			isa = PBXGroup;
			children = (
				797F91EA205AE41200A27CA6 /* BorderButton.swift */,
			);
			path = Views;
			sourceTree = "<group>";
		};
		797F91EC205AE8FE00A27CA6 /* Utils */ = {
			isa = PBXGroup;
			children = (
				797F91ED205AE91F00A27CA6 /* Extensions.swift */,
			);
			path = Utils;
			sourceTree = "<group>";
		};
/* End PBXGroup section */

/* Begin PBXNativeTarget section */
		797F91D3205ADC3C00A27CA6 /* app-swoosh */ = {
			isa = PBXNativeTarget;
			buildConfigurationList = 797F91E6205ADC3C00A27CA6 /* Build configuration list for PBXNativeTarget "app-swoosh" */;
			buildPhases = (
				797F91D0205ADC3C00A27CA6 /* Sources */,
				797F91D1205ADC3C00A27CA6 /* Frameworks */,
				797F91D2205ADC3C00A27CA6 /* Resources */,
			);
			buildRules = (
			);
			dependencies = (
			);
			name = "app-swoosh";
			productName = "app-swoosh";
			productReference = 797F91D4205ADC3C00A27CA6 /* app-swoosh.app */;
			productType = "com.apple.product-type.application";
		};
/* End PBXNativeTarget section */

/* Begin PBXProject section */
		797F91CC205ADC3B00A27CA6 /* Project object */ = {
			isa = PBXProject;
			attributes = {
				LastSwiftUpdateCheck = 0920;
				LastUpgradeCheck = 0920;
				ORGANIZATIONNAME = "Jim Long";
				TargetAttributes = {
					797F91D3205ADC3C00A27CA6 = {
						CreatedOnToolsVersion = 9.2;
						ProvisioningStyle = Automatic;
					};
				};
			};
			buildConfigurationList = 797F91CF205ADC3B00A27CA6 /* Build configuration list for PBXProject "app-swoosh" */;
			compatibilityVersion = "Xcode 8.0";
			developmentRegion = en;
			hasScannedForEncodings = 0;
			knownRegions = (
				en,
				Base,
			);
			mainGroup = 797F91CB205ADC3B00A27CA6;
			productRefGroup = 797F91D5205ADC3C00A27CA6 /* Products */;
			projectDirPath = "";
			projectRoot = "";
			targets = (
				797F91D3205ADC3C00A27CA6 /* app-swoosh */,
			);
		};
/* End PBXProject section */

/* Begin PBXResourcesBuildPhase section */
		797F91D2205ADC3C00A27CA6 /* Resources */ = {
			isa = PBXResourcesBuildPhase;
			buildActionMask = 2147483647;
			files = (
				797F91E2205ADC3C00A27CA6 /* LaunchScreen.storyboard in Resources */,
				797F91DF205ADC3C00A27CA6 /* Assets.xcassets in Resources */,
				797F91DD205ADC3C00A27CA6 /* Main.storyboard in Resources */,
			);
			runOnlyForDeploymentPostprocessing = 0;
		};
/* End PBXResourcesBuildPhase section */

/* Begin PBXSourcesBuildPhase section */
		797F91D0205ADC3C00A27CA6 /* Sources */ = {
			isa = PBXSourcesBuildPhase;
			buildActionMask = 2147483647;
			files = (
				797F91DA205ADC3C00A27CA6 /* ViewController.swift in Sources */,
				797F91D8205ADC3C00A27CA6 /* AppDelegate.swift in Sources */,
				797F91EB205AE41200A27CA6 /* BorderButton.swift in Sources */,
				797F91EE205AE91F00A27CA6 /* Extensions.swift in Sources */,
			);
			runOnlyForDeploymentPostprocessing = 0;
		};
/* End PBXSourcesBuildPhase section */

/* Begin PBXVariantGroup section */
		797F91DB205ADC3C00A27CA6 /* Main.storyboard */ = {
			isa = PBXVariantGroup;
			children = (
				797F91DC205ADC3C00A27CA6 /* Base */,
			);
			name = Main.storyboard;
			sourceTree = "<group>";
		};
		797F91E0205ADC3C00A27CA6 /* LaunchScreen.storyboard */ = {
			isa = PBXVariantGroup;
			children = (
				797F91E1205ADC3C00A27CA6 /* Base */,
			);
			name = LaunchScreen.storyboard;
			sourceTree = "<group>";
		};
/* End PBXVariantGroup section */

/* Begin XCBuildConfiguration section */
		797F91E4205ADC3C00A27CA6 /* Debug */ = {
			isa = XCBuildConfiguration;
			buildSettings = {
				ALWAYS_SEARCH_USER_PATHS = NO;
				CLANG_ANALYZER_NONNULL = YES;
				CLANG_ANALYZER_NUMBER_OBJECT_CONVERSION = YES_AGGRESSIVE;
				CLANG_CXX_LANGUAGE_STANDARD = "gnu++14";
				CLANG_CXX_LIBRARY = "libc++";
				CLANG_ENABLE_MODULES = YES;
				CLANG_ENABLE_OBJC_ARC = YES;
				CLANG_WARN_BLOCK_CAPTURE_AUTORELEASING = YES;
				CLANG_WARN_BOOL_CONVERSION = YES;
				CLANG_WARN_COMMA = YES;
				CLANG_WARN_CONSTANT_CONVERSION = YES;
				CLANG_WARN_DIRECT_OBJC_ISA_USAGE = YES_ERROR;
				CLANG_WARN_DOCUMENTATION_COMMENTS = YES;
				CLANG_WARN_EMPTY_BODY = YES;
				CLANG_WARN_ENUM_CONVERSION = YES;
				CLANG_WARN_INFINITE_RECURSION = YES;
				CLANG_WARN_INT_CONVERSION = YES;
				CLANG_WARN_NON_LITERAL_NULL_CONVERSION = YES;
				CLANG_WARN_OBJC_LITERAL_CONVERSION = YES;
				CLANG_WARN_OBJC_ROOT_CLASS = YES_ERROR;
				CLANG_WARN_RANGE_LOOP_ANALYSIS = YES;
				CLANG_WARN_STRICT_PROTOTYPES = YES;
				CLANG_WARN_SUSPICIOUS_MOVE = YES;
				CLANG_WARN_UNGUARDED_AVAILABILITY = YES_AGGRESSIVE;
				CLANG_WARN_UNREACHABLE_CODE = YES;
				CLANG_WARN__DUPLICATE_METHOD_MATCH = YES;
				CODE_SIGN_IDENTITY = "iPhone Developer";
				COPY_PHASE_STRIP = NO;
				DEBUG_INFORMATION_FORMAT = dwarf;
				ENABLE_STRICT_OBJC_MSGSEND = YES;
				ENABLE_TESTABILITY = YES;
				GCC_C_LANGUAGE_STANDARD = gnu11;
				GCC_DYNAMIC_NO_PIC = NO;
				GCC_NO_COMMON_BLOCKS = YES;
				GCC_OPTIMIZATION_LEVEL = 0;
				GCC_PREPROCESSOR_DEFINITIONS = (
					"DEBUG=1",
					"$(inherited)",
				);
				GCC_WARN_64_TO_32_BIT_CONVERSION = YES;
				GCC_WARN_ABOUT_RETURN_TYPE = YES_ERROR;
				GCC_WARN_UNDECLARED_SELECTOR = YES;
				GCC_WARN_UNINITIALIZED_AUTOS = YES_AGGRESSIVE;
				GCC_WARN_UNUSED_FUNCTION = YES;
				GCC_WARN_UNUSED_VARIABLE = YES;
				IPHONEOS_DEPLOYMENT_TARGET = 11.2;
				MTL_ENABLE_DEBUG_INFO = YES;
				ONLY_ACTIVE_ARCH = YES;
				SDKROOT = iphoneos;
				SWIFT_ACTIVE_COMPILATION_CONDITIONS = DEBUG;
				SWIFT_OPTIMIZATION_LEVEL = "-Onone";
			};
			name = Debug;
		};
		797F91E5205ADC3C00A27CA6 /* Release */ = {
			isa = XCBuildConfiguration;
			buildSettings = {
				ALWAYS_SEARCH_USER_PATHS = NO;
				CLANG_ANALYZER_NONNULL = YES;
				CLANG_ANALYZER_NUMBER_OBJECT_CONVERSION = YES_AGGRESSIVE;
				CLANG_CXX_LANGUAGE_STANDARD = "gnu++14";
				CLANG_CXX_LIBRARY = "libc++";
				CLANG_ENABLE_MODULES = YES;
				CLANG_ENABLE_OBJC_ARC = YES;
				CLANG_WARN_BLOCK_CAPTURE_AUTORELEASING = YES;
				CLANG_WARN_BOOL_CONVERSION = YES;
				CLANG_WARN_COMMA = YES;
				CLANG_WARN_CONSTANT_CONVERSION = YES;
				CLANG_WARN_DIRECT_OBJC_ISA_USAGE = YES_ERROR;
				CLANG_WARN_DOCUMENTATION_COMMENTS = YES;
				CLANG_WARN_EMPTY_BODY = YES;
				CLANG_WARN_ENUM_CONVERSION = YES;
				CLANG_WARN_INFINITE_RECURSION = YES;
				CLANG_WARN_INT_CONVERSION = YES;
				CLANG_WARN_NON_LITERAL_NULL_CONVERSION = YES;
				CLANG_WARN_OBJC_LITERAL_CONVERSION = YES;
				CLANG_WARN_OBJC_ROOT_CLASS = YES_ERROR;
				CLANG_WARN_RANGE_LOOP_ANALYSIS = YES;
				CLANG_WARN_STRICT_PROTOTYPES = YES;
				CLANG_WARN_SUSPICIOUS_MOVE = YES;
				CLANG_WARN_UNGUARDED_AVAILABILITY = YES_AGGRESSIVE;
				CLANG_WARN_UNREACHABLE_CODE = YES;
				CLANG_WARN__DUPLICATE_METHOD_MATCH = YES;
				CODE_SIGN_IDENTITY = "iPhone Developer";
				COPY_PHASE_STRIP = NO;
				DEBUG_INFORMATION_FORMAT = "dwarf-with-dsym";
				ENABLE_NS_ASSERTIONS = NO;
				ENABLE_STRICT_OBJC_MSGSEND = YES;
				GCC_C_LANGUAGE_STANDARD = gnu11;
				GCC_NO_COMMON_BLOCKS = YES;
				GCC_WARN_64_TO_32_BIT_CONVERSION = YES;
				GCC_WARN_ABOUT_RETURN_TYPE = YES_ERROR;
				GCC_WARN_UNDECLARED_SELECTOR = YES;
				GCC_WARN_UNINITIALIZED_AUTOS = YES_AGGRESSIVE;
				GCC_WARN_UNUSED_FUNCTION = YES;
				GCC_WARN_UNUSED_VARIABLE = YES;
				IPHONEOS_DEPLOYMENT_TARGET = 11.2;
				MTL_ENABLE_DEBUG_INFO = NO;
				SDKROOT = iphoneos;
				SWIFT_OPTIMIZATION_LEVEL = "-Owholemodule";
				VALIDATE_PRODUCT = YES;
			};
			name = Release;
		};
		797F91E7205ADC3C00A27CA6 /* Debug */ = {
			isa = XCBuildConfiguration;
			buildSettings = {
				ASSETCATALOG_COMPILER_APPICON_NAME = AppIcon;
				CODE_SIGN_STYLE = Automatic;
				DEVELOPMENT_TEAM = 96F242M6L9;
				INFOPLIST_FILE = "app-swoosh/Info.plist";
				LD_RUNPATH_SEARCH_PATHS = "$(inherited) @executable_path/Frameworks";
				PRODUCT_BUNDLE_IDENTIFIER = "ca.jimlong.app-swoosh";
				PRODUCT_NAME = "$(TARGET_NAME)";
				SWIFT_VERSION = 4.0;
				TARGETED_DEVICE_FAMILY = "1,2";
			};
			name = Debug;
		};
		797F91E8205ADC3C00A27CA6 /* Release */ = {
			isa = XCBuildConfiguration;
			buildSettings = {
				ASSETCATALOG_COMPILER_APPICON_NAME = AppIcon;
				CODE_SIGN_STYLE = Automatic;
				DEVELOPMENT_TEAM = 96F242M6L9;
				INFOPLIST_FILE = "app-swoosh/Info.plist";
				LD_RUNPATH_SEARCH_PATHS = "$(inherited) @executable_path/Frameworks";
				PRODUCT_BUNDLE_IDENTIFIER = "ca.jimlong.app-swoosh";
				PRODUCT_NAME = "$(TARGET_NAME)";
				SWIFT_VERSION = 4.0;
				TARGETED_DEVICE_FAMILY = "1,2";
			};
			name = Release;
		};
/* End XCBuildConfiguration section */

/* Begin XCConfigurationList section */
		797F91CF205ADC3B00A27CA6 /* Build configuration list for PBXProject "app-swoosh" */ = {
			isa = XCConfigurationList;
			buildConfigurations = (
				797F91E4205ADC3C00A27CA6 /* Debug */,
				797F91E5205ADC3C00A27CA6 /* Release */,
			);
			defaultConfigurationIsVisible = 0;
			defaultConfigurationName = Release;
		};
		797F91E6205ADC3C00A27CA6 /* Build configuration list for PBXNativeTarget "app-swoosh" */ = {
			isa = XCConfigurationList;
			buildConfigurations = (
				797F91E7205ADC3C00A27CA6 /* Debug */,
				797F91E8205ADC3C00A27CA6 /* Release */,
			);
			defaultConfigurationIsVisible = 0;
			defaultConfigurationName = Release;
		};
/* End XCConfigurationList section */
	};
	rootObject = 797F91CC205ADC3B00A27CA6 /* Project object */;
}
